
Microsoft Visual Studio Solution File, Format Version 12.00
# Visual Studio Version 17
VisualStudioVersion = 17.4.33122.133
MinimumVisualStudioVersion = 10.0.40219.1
Project("{FAE04EC0-301F-11D3-BF4B-00C04F79EFBC}") = "Inventario.Desktop", "Inventario.Desktop\Inventario.Desktop.csproj", "{25C88191-021B-457A-994D-ACA247B9F961}"
EndProject
Project("{FAE04EC0-301F-11D3-BF4B-00C04F79EFBC}") = "Inventario.Core", "Inventario.Core\Inventario.Core.csproj", "{7521B930-D919-483C-8554-852E23C779F3}"
EndProject
Project("{FAE04EC0-301F-11D3-BF4B-00C04F79EFBC}") = "Inventario.Application", "Inventario.Application\Inventario.Application.csproj", "{74BA726B-0FC3-4E09-9B80-3FD5DD79A404}"
EndProject
Global
	GlobalSection(SolutionConfigurationPlatforms) = preSolution
		Debug|Any CPU = Debug|Any CPU
		Release|Any CPU = Release|Any CPU
	EndGlobalSection
	GlobalSection(ProjectConfigurationPlatforms) = postSolution
		{25C88191-021B-457A-994D-ACA247B9F961}.Debug|Any CPU.ActiveCfg = Debug|Any CPU
		{25C88191-021B-457A-994D-ACA247B9F961}.Debug|Any CPU.Build.0 = Debug|Any CPU
		{25C88191-021B-457A-994D-ACA247B9F961}.Release|Any CPU.ActiveCfg = Release|Any CPU
		{25C88191-021B-457A-994D-ACA247B9F961}.Release|Any CPU.Build.0 = Release|Any CPU
		{7521B930-D919-483C-8554-852E23C779F3}.Debug|Any CPU.ActiveCfg = Debug|Any CPU
		{7521B930-D919-483C-8554-852E23C779F3}.Debug|Any CPU.Build.0 = Debug|Any CPU
		{7521B930-D919-483C-8554-852E23C779F3}.Release|Any CPU.ActiveCfg = Release|Any CPU
		{7521B930-D919-483C-8554-852E23C779F3}.Release|Any CPU.Build.0 = Release|Any CPU
		{74BA726B-0FC3-4E09-9B80-3FD5DD79A404}.Debug|Any CPU.ActiveCfg = Debug|Any CPU
		{74BA726B-0FC3-4E09-9B80-3FD5DD79A404}.Debug|Any CPU.Build.0 = Debug|Any CPU
		{74BA726B-0FC3-4E09-9B80-3FD5DD79A404}.Release|Any CPU.ActiveCfg = Release|Any CPU
		{74BA726B-0FC3-4E09-9B80-3FD5DD79A404}.Release|Any CPU.Build.0 = Release|Any CPU
	EndGlobalSection
	GlobalSection(SolutionProperties) = preSolution
		HideSolutionNode = FALSE
	EndGlobalSection
	GlobalSection(ExtensibilityGlobals) = postSolution
		SolutionGuid = {3E6DC786-59F8-4B03-AC11-B9BDAC6B0689}
	EndGlobalSection
EndGlobal
